Microsoft Visual Studio Solution File, Format Version 12.00
# Visual Studio Version 17
VisualStudioVersion = 17.5.2.0
MinimumVisualStudioVersion = 10.0.40219.1
Project("{FAE04EC0-301F-11D3-BF4B-00C04F79EFBC}") = "ASP.Net", "ASP.Net.csproj", "{7D1F3C10-0CD2-6BBA-5EAA-F6578EFDB96C}"
EndProject
Global
	GlobalSection(SolutionConfigurationPlatforms) = preSolution
		Debug|Any CPU = Debug|Any CPU
		Release|Any CPU = Release|Any CPU
	EndGlobalSection
	GlobalSection(ProjectConfigurationPlatforms) = postSolution
		{7D1F3C10-0CD2-6BBA-5EAA-F6578EFDB96C}.Debug|Any CPU.ActiveCfg = Debug|Any CPU
		{7D1F3C10-0CD2-6BBA-5EAA-F6578EFDB96C}.Debug|Any CPU.Build.0 = Debug|Any CPU
		{7D1F3C10-0CD2-6BBA-5EAA-F6578EFDB96C}.Release|Any CPU.ActiveCfg = Release|Any CPU
		{7D1F3C10-0CD2-6BBA-5EAA-F6578EFDB96C}.Release|Any CPU.Build.0 = Release|Any CPU
	EndGlobalSection
	GlobalSection(SolutionProperties) = preSolution
		HideSolutionNode = FALSE
	EndGlobalSection
	GlobalSection(ExtensibilityGlobals) = postSolution
		SolutionGuid = {17A14A86-0EDD-4758-AF9B-3C1ECCFC0154}
	EndGlobalSection
EndGlobal
